git.gammaspectra.live/P2Pool/consensus/v4 v4.4.4 h1:zZhsrbm2kSgpsPctPyiPOSxTC9bg5LzoxrjPrzZiWW0=
git.gammaspectra.live/P2Pool/consensus/v4 v4.4.4/go.mod h1:LRBuocDGIjvsIMbG6pOSiOMzIMg3bTG2qdKPRRlR9bs=
git.gammaspectra.live/P2Pool/edwards25519 v0.0.0-20250621105958-76afb56a7fa0 h1:kYRne17BdzTjtXk7EY74zoKUziwEiyqih9c7OKstSiU=
git.gammaspectra.live/P2Pool/edwards25519 v0.0.0-20250621105958-76afb56a7fa0/go.mod h1:FZsrMWGucMP3SZamzrd7m562geIs5zp1O/9MGoiAKH0=
git.gammaspectra.live/P2Pool/go-json v0.99.0 h1:TbFOEWbbDLFzm1fM/2+WPUhhzSwJ501+otfrQ8jCP84=
git.gammaspectra.live/P2Pool/go-json v0.99.0/go.mod h1:X9PvT0fmWrU1I+BiDUjMypUWdsWFm24QCW1sWxbzT8w=
git.gammaspectra.live/P2Pool/go-randomx/v4 v4.2.1 h1:3rdC53+0Z3xFHnD+8dcBJg1vcQg1UHQBj0D0rDTydgk=
git.gammaspectra.live/P2Pool/go-randomx/v4 v4.2.1/go.mod h1:+v16vJj1vJnzdPFetKHTHajIEvdIMktb/vIqqO2jRyo=
git.gammaspectra.live/P2Pool/monero-base58 v1.0.0 h1:s8LZxVNc93YEs2NCCNWZ7CKr8RbEb031y6Wkvhn+TS4=
git.gammaspectra.live/P2Pool/monero-base58 v1.0.0/go.mod h1:WWEJy/AdWKxKAruvlKI82brw+DtVlePy0ct3ZiBlc68=
git.gammaspectra.live/P2Pool/observer-cmd-utils v0.0.0-20250716053629-f30e48fbd5e4 h1:nfKcXYlwVpzIo9rquHG1nVPkBF6hEunJOLdRs5Bzb5g=
git.gammaspectra.live/P2Pool/observer-cmd-utils v0.0.0-20250716053629-f30e48fbd5e4/go.mod h1:oQIsS99hFigMbOAQqbZnYw6dfiy+wZlGbH4PDkMYDec=
git.gammaspectra.live/P2Pool/randomx-go-bindings v1.0.0 h1:tajr4QFSPrb8NtHmU14JaXdhr+z+0RbOBLIgUDI5Tow=
git.gammaspectra.live/P2Pool/randomx-go-bindings v1.0.0/go.mod h1:S17NNidG5hxqaVLsSykKqDBg/hTPSzP0KcSwXfH8WIA=
git.gammaspectra.live/P2Pool/sha3 v0.17.0 h1:CZpB466LPbNVQrUNjQTtQScGDc30xSMkZ6Bmw0W9VuM=
git.gammaspectra.live/P2Pool/sha3 v0.17.0/go.mod h1:HmrrYa97BZTKklUk2n/wAY+wrY0gHhoSGRd2+lIqXq8=
git.gammaspectra.live/P2Pool/softfloat64 v1.0.1 h1:aEluzcRqCzwFaBy9PPC+HVcS8GRoSH4qzv3NHTunxhc=
git.gammaspectra.live/P2Pool/softfloat64 v1.0.1/go.mod h1:ZhnGqXOS6F6aJpiiT38Cvk5eHoBNqjkKfp3w3AcnomA=
github.com/gorilla/mux v1.8.1 h1:TuBL49tXwgrFYWhqrNgrUNEY92u81SPhu7sTdzQEiWY=
github.com/gorilla/mux v1.8.1/go.mod h1:AKf9I4AEqPTmMytcMc0KkNouC66V3BtZ4qD5fmWSiMQ=
github.com/hashicorp/golang-lru/v2 v2.0.7 h1:a+bsQ5rvGLjzHuww6tVxozPZFVghXaHOwFs4luLUK2k=
github.com/hashicorp/golang-lru/v2 v2.0.7/go.mod h1:QeFd9opnmA6QUJc5vARoKUSoFhyfM2/ZepoAG6RGpeM=
github.com/jxskiss/base62 v1.1.0 h1:A5zbF8v8WXx2xixnAKD2w+abC+sIzYJX+nxmhA6HWFw=
github.com/jxskiss/base62 v1.1.0/go.mod h1:HhWAlUXvxKThfOlZbcuFzsqwtF5TcqS9ru3y5GfjWAc=
github.com/lib/pq v1.10.9 h1:YXG7RB+JIjhP29X+OtkiDnYaXQwpS4JEWq7dtCCRUEw=
github.com/lib/pq v1.10.9/go.mod h1:AlVN5x4E4T544tWzH6hKfbfQvm3HdbOxrmggDNAPY9o=
github.com/mazznoer/colorgrad v0.10.0 h1:p2ImJimPGEUFhMrNx4EGSzkr2XARomIo1yyUgso3NDQ=
github.com/mazznoer/colorgrad v0.10.0/go.mod h1:1dkoC2jE1oMVr11umiBHfyHV/W+E+By2WJaPKJJ6Nkk=
github.com/mazznoer/csscolorparser v0.1.6 h1:uK6p5zBA8HaQZJSInHgHVmkVBodUAy+6snSmKJG7pqA=
github.com/mazznoer/csscolorparser v0.1.6/go.mod h1:OQRVvgCyHDCAquR1YWfSwwaDcM0LhnSffGnlbOew/3I=
github.com/tmthrgd/go-hex v0.0.0-20190904060850-447a3041c3bc h1:9lRDQMhESg+zvGYmW5DyG0UqvY96Bu5QYsTLvCHdrgo=
github.com/tmthrgd/go-hex v0.0.0-20190904060850-447a3041c3bc/go.mod h1:bciPuU6GHm1iF1pBvUfxfsH0Wmnc2VbpgvbI9ZWuIRs=
github.com/ulikunitz/xz v0.5.12 h1:37Nm15o69RwBkXM0J6A5OlE67RZTfzUxTj8fB3dfcsc=
github.com/ulikunitz/xz v0.5.12/go.mod h1:nbz6k7qbPmH4IRqmfOplQw/tblSgqTqBwxkY0oWt/14=
github.com/valyala/bytebufferpool v1.0.0 h1:GqA5TC/0021Y/b9FG4Oi9Mr3q7XYx6KllzawFIhcdPw=
github.com/valyala/bytebufferpool v1.0.0/go.mod h1:6bBcMArwyJ5K/AmCkWv1jt77kVWyCJ6HpOuEn7z0Csc=
github.com/valyala/quicktemplate v1.8.0 h1:zU0tjbIqTRgKQzFY1L42zq0qR3eh4WoQQdIdqCysW5k=
github.com/valyala/quicktemplate v1.8.0/go.mod h1:qIqW8/igXt8fdrUln5kOSb+KWMaJ4Y8QUsfd1k6L2jM=
golang.org/x/crypto v0.40.0 h1:r4x+VvoG5Fm+eJcxMaY8CQM7Lb0l1lsmjGBQ6s8BfKM=
golang.org/x/crypto v0.40.0/go.mod h1:Qr1vMER5WyS2dfPHAlsOj01wgLbsyWtFn/aY+5+ZdxY=
golang.org/x/sync v0.16.0 h1:ycBJEhp9p4vXvUZNszeOq0kGTPghopOL8q0fq3vstxw=
golang.org/x/sync v0.16.0/go.mod h1:1dzgHSNfp02xaA81J2MS99Qcpr2w7fw1gpm99rleRqA=
golang.org/x/sys v0.34.0 h1:H5Y5sJ2L2JRdyv7ROF1he/lPdvFsd0mJHFw2ThKHxLA=
golang.org/x/sys v0.34.0/go.mod h1:BJP2sWEmIv4KK5OTEluFJCKSidICx8ciO85XgH3Ak8k=
lukechampine.com/uint128 v1.3.0 h1:cDdUVfRwDUDovz610ABgFD17nXD4/uDgVHl2sC3+sbo=
lukechampine.com/uint128 v1.3.0/go.mod h1:c4eWIwlEGaxC/+H1VguhU4PHXNWDCDMUlWdIWl2j1gk=
nhooyr.io/websocket v1.8.17 h1:KEVeLJkUywCKVsnLIDlD/5gtayKp8VoCkksHCGGfT9Y=
nhooyr.io/websocket v1.8.17/go.mod h1:rN9OFWIUwuxg4fR5tELlYC04bXYowCP9GX47ivo2l+c=
